
Microsoft Visual Studio Solution File, Format Version 12.00
# Visual Studio Version 17
VisualStudioVersion = 17.0.32112.339
MinimumVisualStudioVersion = 10.0.40219.1
Project("{FAE04EC0-301F-11D3-BF4B-00C04F79EFBC}") = "Meoware", "Meoware\Meoware.csproj", "{8B6FC041-386C-4E3F-A133-C3CCA24AA733}"
EndProject
Global
	GlobalSection(SolutionConfigurationPlatforms) = preSolution
		Debug|Any CPU = Debug|Any CPU
		Release|Any CPU = Release|Any CPU
	EndGlobalSection
	GlobalSection(ProjectConfigurationPlatforms) = postSolution
		{8B6FC041-386C-4E3F-A133-C3CCA24AA733}.Debug|Any CPU.ActiveCfg = Debug|Any CPU
		{8B6FC041-386C-4E3F-A133-C3CCA24AA733}.Debug|Any CPU.Build.0 = Debug|Any CPU
		{8B6FC041-386C-4E3F-A133-C3CCA24AA733}.Release|Any CPU.ActiveCfg = Release|Any CPU
		{8B6FC041-386C-4E3F-A133-C3CCA24AA733}.Release|Any CPU.Build.0 = Release|Any CPU
	EndGlobalSection
	GlobalSection(SolutionProperties) = preSolution
		HideSolutionNode = FALSE
	EndGlobalSection
	GlobalSection(ExtensibilityGlobals) = postSolution
		SolutionGuid = {BD169F3C-39E3-4347-9F54-416E4110619E}
	EndGlobalSection
EndGlobal
